// !$*UTF8*$!
{
	archiveVersion = 1;
	classes = {
	};
	objectVersion = 56;
	objects = {

/* Begin PBXBuildFile section */
		561A216429A93F7C005FC643 /* fverApp.swift in Sources */ = {isa = PBXBuildFile; fileRef = 561A216329A93F7C005FC643 /* fverApp.swift */; };
		561A216629A93F7C005FC643 /* HometView.swift in Sources */ = {isa = PBXBuildFile; fileRef = 561A216529A93F7C005FC643 /* HometView.swift */; };
		561A216829A93F7D005FC643 /* Assets.xcassets in Resources */ = {isa = PBXBuildFile; fileRef = 561A216729A93F7D005FC643 /* Assets.xcassets */; };
		561A216B29A93F7D005FC643 /* Preview Assets.xcassets in Resources */ = {isa = PBXBuildFile; fileRef = 561A216A29A93F7D005FC643 /* Preview Assets.xcassets */; };
		561A217229A957B8005FC643 /* GameView.swift in Sources */ = {isa = PBXBuildFile; fileRef = 561A217129A957B8005FC643 /* GameView.swift */; };
		561A217729A95A6E005FC643 /* HomeViewModel.swift in Sources */ = {isa = PBXBuildFile; fileRef = 561A217629A95A6E005FC643 /* HomeViewModel.swift */; };
		561A217929A9661D005FC643 /* PlayerIndicatorView.swift in Sources */ = {isa = PBXBuildFile; fileRef = 561A217829A9661D005FC643 /* PlayerIndicatorView.swift */; };
		561A217B29A96ACC005FC643 /* LodingView.swift in Sources */ = {isa = PBXBuildFile; fileRef = 561A217A29A96ACC005FC643 /* LodingView.swift */; };
		561A217D29A96CFF005FC643 /* GmaeViewModel.swift in Sources */ = {isa = PBXBuildFile; fileRef = 561A217C29A96CFF005FC643 /* GmaeViewModel.swift */; };
		561A217F29A9F757005FC643 /* Model.swift in Sources */ = {isa = PBXBuildFile; fileRef = 561A217E29A9F757005FC643 /* Model.swift */; };
		561A218129AA0EC0005FC643 /* User.swift in Sources */ = {isa = PBXBuildFile; fileRef = 561A218029AA0EC0005FC643 /* User.swift */; };
		561A218429AA30A7005FC643 /* FirebaseAnalytics in Frameworks */ = {isa = PBXBuildFile; productRef = 561A218329AA30A7005FC643 /* FirebaseAnalytics */; };
		561A218629AA30A7005FC643 /* FirebaseAnalyticsSwift in Frameworks */ = {isa = PBXBuildFile; productRef = 561A218529AA30A7005FC643 /* FirebaseAnalyticsSwift */; };
		561A218829AA30A7005FC643 /* FirebaseAuth in Frameworks */ = {isa = PBXBuildFile; productRef = 561A218729AA30A7005FC643 /* FirebaseAuth */; };
		561A218A29AA30A7005FC643 /* FirebaseDatabase in Frameworks */ = {isa = PBXBuildFile; productRef = 561A218929AA30A7005FC643 /* FirebaseDatabase */; };
		561A218C29AA30A7005FC643 /* FirebaseFirestore in Frameworks */ = {isa = PBXBuildFile; productRef = 561A218B29AA30A7005FC643 /* FirebaseFirestore */; };
		561A218E29AA30A7005FC643 /* FirebaseStorage in Frameworks */ = {isa = PBXBuildFile; productRef = 561A218D29AA30A7005FC643 /* FirebaseStorage */; };
		561A219029AA32D2005FC643 /* GoogleService-Info.plist in Resources */ = {isa = PBXBuildFile; fileRef = 561A218F29AA32D2005FC643 /* GoogleService-Info.plist */; };
		561A219229AA3418005FC643 /* FirebaseRefrnce.swift in Sources */ = {isa = PBXBuildFile; fileRef = 561A219129AA3418005FC643 /* FirebaseRefrnce.swift */; };
		561A219529AA3554005FC643 /* FirebaseService.swift in Sources */ = {isa = PBXBuildFile; fileRef = 561A219429AA3554005FC643 /* FirebaseService.swift */; };
		561A219A29AB43B3005FC643 /* FirebaseAppDistribution-Beta in Frameworks */ = {isa = PBXBuildFile; productRef = 561A219929AB43B3005FC643 /* FirebaseAppDistribution-Beta */; };
		561A21D629AB641A005FC643 /* AlertItem.swift in Sources */ = {isa = PBXBuildFile; fileRef = 561A21D529AB641A005FC643 /* AlertItem.swift */; };
		561A21D829AB7727005FC643 /* GameNotifications.swift in Sources */ = {isa = PBXBuildFile; fileRef = 561A21D729AB7727005FC643 /* GameNotifications.swift */; };
/* End PBXBuildFile section */

/* Begin PBXFileReference section */
		561A216029A93F7C005FC643 /* fver.app */ = {isa = PBXFileReference; explicitFileType = wrapper.application; includeInIndex = 0; path = fver.app; sourceTree = BUILT_PRODUCTS_DIR; };
		561A216329A93F7C005FC643 /* fverApp.swift */ = {isa = PBXFileReference; lastKnownFileType = sourcecode.swift; path = fverApp.swift; sourceTree = "<group>"; };
		561A216529A93F7C005FC643 /* HometView.swift */ = {isa = PBXFileReference; lastKnownFileType = sourcecode.swift; path = HometView.swift; sourceTree = "<group>"; };
		561A216729A93F7D005FC643 /* Assets.xcassets */ = {isa = PBXFileReference; lastKnownFileType = folder.assetcatalog; path = Assets.xcassets; sourceTree = "<group>"; };
		561A216A29A93F7D005FC643 /* Preview Assets.xcassets */ = {isa = PBXFileReference; lastKnownFileType = folder.assetcatalog; path = "Preview Assets.xcassets"; sourceTree = "<group>"; };
		561A217129A957B8005FC643 /* GameView.swift */ = {isa = PBXFileReference; lastKnownFileType = sourcecode.swift; path = GameView.swift; sourceTree = "<group>"; };
		561A217629A95A6E005FC643 /* HomeViewModel.swift */ = {isa = PBXFileReference; lastKnownFileType = sourcecode.swift; path = HomeViewModel.swift; sourceTree = "<group>"; };
		561A217829A9661D005FC643 /* PlayerIndicatorView.swift */ = {isa = PBXFileReference; lastKnownFileType = sourcecode.swift; path = PlayerIndicatorView.swift; sourceTree = "<group>"; };
		561A217A29A96ACC005FC643 /* LodingView.swift */ = {isa = PBXFileReference; lastKnownFileType = sourcecode.swift; path = LodingView.swift; sourceTree = "<group>"; };
		561A217C29A96CFF005FC643 /* GmaeViewModel.swift */ = {isa = PBXFileReference; lastKnownFileType = sourcecode.swift; path = GmaeViewModel.swift; sourceTree = "<group>"; };
		561A217E29A9F757005FC643 /* Model.swift */ = {isa = PBXFileReference; lastKnownFileType = sourcecode.swift; path = Model.swift; sourceTree = "<group>"; };
		561A218029AA0EC0005FC643 /* User.swift */ = {isa = PBXFileReference; lastKnownFileType = sourcecode.swift; path = User.swift; sourceTree = "<group>"; };
		561A218F29AA32D2005FC643 /* GoogleService-Info.plist */ = {isa = PBXFileReference; fileEncoding = 4; lastKnownFileType = text.plist.xml; path = "GoogleService-Info.plist"; sourceTree = "<group>"; };
		561A219129AA3418005FC643 /* FirebaseRefrnce.swift */ = {isa = PBXFileReference; lastKnownFileType = sourcecode.swift; path = FirebaseRefrnce.swift; sourceTree = "<group>"; };
		561A219429AA3554005FC643 /* FirebaseService.swift */ = {isa = PBXFileReference; lastKnownFileType = sourcecode.swift; path = FirebaseService.swift; sourceTree = "<group>"; };
		561A21D529AB641A005FC643 /* AlertItem.swift */ = {isa = PBXFileReference; lastKnownFileType = sourcecode.swift; path = AlertItem.swift; sourceTree = "<group>"; };
		561A21D729AB7727005FC643 /* GameNotifications.swift */ = {isa = PBXFileReference; lastKnownFileType = sourcecode.swift; path = GameNotifications.swift; sourceTree = "<group>"; };
/* End PBXFileReference section */

/* Begin PBXFrameworksBuildPhase section */
		561A215D29A93F7C005FC643 /* Frameworks */ = {
			isa = PBXFrameworksBuildPhase;
			buildActionMask = 2147483647;
			files = (
				561A219A29AB43B3005FC643 /* FirebaseAppDistribution-Beta in Frameworks */,
				561A218629AA30A7005FC643 /* FirebaseAnalyticsSwift in Frameworks */,
				561A218829AA30A7005FC643 /* FirebaseAuth in Frameworks */,
				561A218A29AA30A7005FC643 /* FirebaseDatabase in Frameworks */,
				561A218C29AA30A7005FC643 /* FirebaseFirestore in Frameworks */,
				561A218429AA30A7005FC643 /* FirebaseAnalytics in Frameworks */,
				561A218E29AA30A7005FC643 /* FirebaseStorage in Frameworks */,
			);
			runOnlyForDeploymentPostprocessing = 0;
		};
/* End PBXFrameworksBuildPhase section */

/* Begin PBXGroup section */
		561A215729A93F7C005FC643 = {
			isa = PBXGroup;
			children = (
				561A216229A93F7C005FC643 /* fver */,
				561A216129A93F7C005FC643 /* Products */,
				561A219829AB43B3005FC643 /* Frameworks */,
			);
			sourceTree = "<group>";
		};
		561A216129A93F7C005FC643 /* Products */ = {
			isa = PBXGroup;
			children = (
				561A216029A93F7C005FC643 /* fver.app */,
			);
			name = Products;
			sourceTree = "<group>";
		};
		561A216229A93F7C005FC643 /* fver */ = {
			isa = PBXGroup;
			children = (
				561A216329A93F7C005FC643 /* fverApp.swift */,
				561A219329AA3421005FC643 /* FirebaseHelpers */,
				561A217529A95A41005FC643 /* ViewModel */,
				561A217429A95A39005FC643 /* View */,
				561A217329A95A31005FC643 /* Model */,
				561A216729A93F7D005FC643 /* Assets.xcassets */,
				561A218F29AA32D2005FC643 /* GoogleService-Info.plist */,
				561A216929A93F7D005FC643 /* Preview Content */,
			);
			path = fver;
			sourceTree = "<group>";
		};
		561A216929A93F7D005FC643 /* Preview Content */ = {
			isa = PBXGroup;
			children = (
				561A216A29A93F7D005FC643 /* Preview Assets.xcassets */,
			);
			path = "Preview Content";
			sourceTree = "<group>";
		};
		561A217329A95A31005FC643 /* Model */ = {
			isa = PBXGroup;
			children = (
				561A217E29A9F757005FC643 /* Model.swift */,
				561A218029AA0EC0005FC643 /* User.swift */,
				561A21D529AB641A005FC643 /* AlertItem.swift */,
				561A21D729AB7727005FC643 /* GameNotifications.swift */,
			);
			path = Model;
			sourceTree = "<group>";
		};
		561A217429A95A39005FC643 /* View */ = {
			isa = PBXGroup;
			children = (
				561A217629A95A6E005FC643 /* HomeViewModel.swift */,
				561A217129A957B8005FC643 /* GameView.swift */,
				561A217C29A96CFF005FC643 /* GmaeViewModel.swift */,
				561A217A29A96ACC005FC643 /* LodingView.swift */,
				561A216529A93F7C005FC643 /* HometView.swift */,
				561A217829A9661D005FC643 /* PlayerIndicatorView.swift */,
			);
			path = View;
			sourceTree = "<group>";
		};
		561A217529A95A41005FC643 /* ViewModel */ = {
			isa = PBXGroup;
			children = (
			);
			path = ViewModel;
			sourceTree = "<group>";
		};
		561A219329AA3421005FC643 /* FirebaseHelpers */ = {
			isa = PBXGroup;
			children = (
				561A219129AA3418005FC643 /* FirebaseRefrnce.swift */,
				561A219429AA3554005FC643 /* FirebaseService.swift */,
			);
			path = FirebaseHelpers;
			sourceTree = "<group>";
		};
		561A219829AB43B3005FC643 /* Frameworks */ = {
			isa = PBXGroup;
			children = (
			);
			name = Frameworks;
			sourceTree = "<group>";
		};
/* End PBXGroup section */

/* Begin PBXNativeTarget section */
		561A215F29A93F7C005FC643 /* fver */ = {
			isa = PBXNativeTarget;
			buildConfigurationList = 561A216E29A93F7D005FC643 /* Build configuration list for PBXNativeTarget "fver" */;
			buildPhases = (
				561A215C29A93F7C005FC643 /* Sources */,
				561A215D29A93F7C005FC643 /* Frameworks */,
				561A215E29A93F7C005FC643 /* Resources */,
			);
			buildRules = (
			);
			dependencies = (
			);
			name = fver;
			packageProductDependencies = (
				561A218329AA30A7005FC643 /* FirebaseAnalytics */,
				561A218529AA30A7005FC643 /* FirebaseAnalyticsSwift */,
				561A218729AA30A7005FC643 /* FirebaseAuth */,
				561A218929AA30A7005FC643 /* FirebaseDatabase */,
				561A218B29AA30A7005FC643 /* FirebaseFirestore */,
				561A218D29AA30A7005FC643 /* FirebaseStorage */,
				561A219929AB43B3005FC643 /* FirebaseAppDistribution-Beta */,
			);
			productName = fver;
			productReference = 561A216029A93F7C005FC643 /* fver.app */;
			productType = "com.apple.product-type.application";
		};
/* End PBXNativeTarget section */

/* Begin PBXProject section */
		561A215829A93F7C005FC643 /* Project object */ = {
			isa = PBXProject;
			attributes = {
				BuildIndependentTargetsInParallel = 1;
				LastSwiftUpdateCheck = 1420;
				LastUpgradeCheck = 1420;
				TargetAttributes = {
					561A215F29A93F7C005FC643 = {
						CreatedOnToolsVersion = 14.2;
					};
				};
			};
			buildConfigurationList = 561A215B29A93F7C005FC643 /* Build configuration list for PBXProject "fver" */;
			compatibilityVersion = "Xcode 14.0";
			developmentRegion = en;
			hasScannedForEncodings = 0;
			knownRegions = (
				en,
				Base,
			);
			mainGroup = 561A215729A93F7C005FC643;
			packageReferences = (
				561A218229AA30A7005FC643 /* XCRemoteSwiftPackageReference "firebase-ios-sdk" */,
			);
			productRefGroup = 561A216129A93F7C005FC643 /* Products */;
			projectDirPath = "";
			projectRoot = "";
			targets = (
				561A215F29A93F7C005FC643 /* fver */,
			);
		};
/* End PBXProject section */

/* Begin PBXResourcesBuildPhase section */
		561A215E29A93F7C005FC643 /* Resources */ = {
			isa = PBXResourcesBuildPhase;
			buildActionMask = 2147483647;
			files = (
				561A216B29A93F7D005FC643 /* Preview Assets.xcassets in Resources */,
				561A216829A93F7D005FC643 /* Assets.xcassets in Resources */,
				561A219029AA32D2005FC643 /* GoogleService-Info.plist in Resources */,
			);
			runOnlyForDeploymentPostprocessing = 0;
		};
/* End PBXResourcesBuildPhase section */

/* Begin PBXSourcesBuildPhase section */
		561A215C29A93F7C005FC643 /* Sources */ = {
			isa = PBXSourcesBuildPhase;
			buildActionMask = 2147483647;
			files = (
				561A216629A93F7C005FC643 /* HometView.swift in Sources */,
				561A21D629AB641A005FC643 /* AlertItem.swift in Sources */,
				561A217D29A96CFF005FC643 /* GmaeViewModel.swift in Sources */,
				561A219529AA3554005FC643 /* FirebaseService.swift in Sources */,
				561A217B29A96ACC005FC643 /* LodingView.swift in Sources */,
				561A217229A957B8005FC643 /* GameView.swift in Sources */,
				561A21D829AB7727005FC643 /* GameNotifications.swift in Sources */,
				561A216429A93F7C005FC643 /* fverApp.swift in Sources */,
				561A218129AA0EC0005FC643 /* User.swift in Sources */,
				561A219229AA3418005FC643 /* FirebaseRefrnce.swift in Sources */,
				561A217929A9661D005FC643 /* PlayerIndicatorView.swift in Sources */,
				561A217729A95A6E005FC643 /* HomeViewModel.swift in Sources */,
				561A217F29A9F757005FC643 /* Model.swift in Sources */,
			);
			runOnlyForDeploymentPostprocessing = 0;
		};
/* End PBXSourcesBuildPhase section */

/* Begin XCBuildConfiguration section */
		561A216C29A93F7D005FC643 /* Debug */ = {
			isa = XCBuildConfiguration;
			buildSettings = {
				ALWAYS_SEARCH_USER_PATHS = NO;
				CLANG_ANALYZER_NONNULL = YES;
				CLANG_ANALYZER_NUMBER_OBJECT_CONVERSION = YES_AGGRESSIVE;
				CLANG_CXX_LANGUAGE_STANDARD = "gnu++20";
				CLANG_ENABLE_MODULES = YES;
				CLANG_ENABLE_OBJC_ARC = YES;
				CLANG_ENABLE_OBJC_WEAK = YES;
				CLANG_WARN_BLOCK_CAPTURE_AUTORELEASING = YES;
				CLANG_WARN_BOOL_CONVERSION = YES;
				CLANG_WARN_COMMA = YES;
				CLANG_WARN_CONSTANT_CONVERSION = YES;
				CLANG_WARN_DEPRECATED_OBJC_IMPLEMENTATIONS = YES;
				CLANG_WARN_DIRECT_OBJC_ISA_USAGE = YES_ERROR;
				CLANG_WARN_DOCUMENTATION_COMMENTS = YES;
				CLANG_WARN_EMPTY_BODY = YES;
				CLANG_WARN_ENUM_CONVERSION = YES;
				CLANG_WARN_INFINITE_RECURSION = YES;
				CLANG_WARN_INT_CONVERSION = YES;
				CLANG_WARN_NON_LITERAL_NULL_CONVERSION = YES;
				CLANG_WARN_OBJC_IMPLICIT_RETAIN_SELF = YES;
				CLANG_WARN_OBJC_LITERAL_CONVERSION = YES;
				CLANG_WARN_OBJC_ROOT_CLASS = YES_ERROR;
				CLANG_WARN_QUOTED_INCLUDE_IN_FRAMEWORK_HEADER = YES;
				CLANG_WARN_RANGE_LOOP_ANALYSIS = YES;
				CLANG_WARN_STRICT_PROTOTYPES = YES;
				CLANG_WARN_SUSPICIOUS_MOVE = YES;
				CLANG_WARN_UNGUARDED_AVAILABILITY = YES_AGGRESSIVE;
				CLANG_WARN_UNREACHABLE_CODE = YES;
				CLANG_WARN__DUPLICATE_METHOD_MATCH = YES;
				COPY_PHASE_STRIP = NO;
				DEBUG_INFORMATION_FORMAT = dwarf;
				ENABLE_STRICT_OBJC_MSGSEND = YES;
				ENABLE_TESTABILITY = YES;
				GCC_C_LANGUAGE_STANDARD = gnu11;
				GCC_DYNAMIC_NO_PIC = NO;
				GCC_NO_COMMON_BLOCKS = YES;
				GCC_OPTIMIZATION_LEVEL = 0;
				GCC_PREPROCESSOR_DEFINITIONS = (
					"DEBUG=1",
					"$(inherited)",
				);
				GCC_WARN_64_TO_32_BIT_CONVERSION = YES;
				GCC_WARN_ABOUT_RETURN_TYPE = YES_ERROR;
				GCC_WARN_UNDECLARED_SELECTOR = YES;
				GCC_WARN_UNINITIALIZED_AUTOS = YES_AGGRESSIVE;
				GCC_WARN_UNUSED_FUNCTION = YES;
				GCC_WARN_UNUSED_VARIABLE = YES;
				IPHONEOS_DEPLOYMENT_TARGET = 16.2;
				MTL_ENABLE_DEBUG_INFO = INCLUDE_SOURCE;
				MTL_FAST_MATH = YES;
				ONLY_ACTIVE_ARCH = YES;
				SDKROOT = iphoneos;
				SWIFT_ACTIVE_COMPILATION_CONDITIONS = DEBUG;
				SWIFT_OPTIMIZATION_LEVEL = "-Onone";
			};
			name = Debug;
		};
		561A216D29A93F7D005FC643 /* Release */ = {
			isa = XCBuildConfiguration;
			buildSettings = {
				ALWAYS_SEARCH_USER_PATHS = NO;
				CLANG_ANALYZER_NONNULL = YES;
				CLANG_ANALYZER_NUMBER_OBJECT_CONVERSION = YES_AGGRESSIVE;
				CLANG_CXX_LANGUAGE_STANDARD = "gnu++20";
				CLANG_ENABLE_MODULES = YES;
				CLANG_ENABLE_OBJC_ARC = YES;
				CLANG_ENABLE_OBJC_WEAK = YES;
				CLANG_WARN_BLOCK_CAPTURE_AUTORELEASING = YES;
				CLANG_WARN_BOOL_CONVERSION = YES;
				CLANG_WARN_COMMA = YES;
				CLANG_WARN_CONSTANT_CONVERSION = YES;
				CLANG_WARN_DEPRECATED_OBJC_IMPLEMENTATIONS = YES;
				CLANG_WARN_DIRECT_OBJC_ISA_USAGE = YES_ERROR;
				CLANG_WARN_DOCUMENTATION_COMMENTS = YES;
				CLANG_WARN_EMPTY_BODY = YES;
				CLANG_WARN_ENUM_CONVERSION = YES;
				CLANG_WARN_INFINITE_RECURSION = YES;
				CLANG_WARN_INT_CONVERSION = YES;
				CLANG_WARN_NON_LITERAL_NULL_CONVERSION = YES;
				CLANG_WARN_OBJC_IMPLICIT_RETAIN_SELF = YES;
				CLANG_WARN_OBJC_LITERAL_CONVERSION = YES;
				CLANG_WARN_OBJC_ROOT_CLASS = YES_ERROR;
				CLANG_WARN_QUOTED_INCLUDE_IN_FRAMEWORK_HEADER = YES;
				CLANG_WARN_RANGE_LOOP_ANALYSIS = YES;
				CLANG_WARN_STRICT_PROTOTYPES = YES;
				CLANG_WARN_SUSPICIOUS_MOVE = YES;
				CLANG_WARN_UNGUARDED_AVAILABILITY = YES_AGGRESSIVE;
				CLANG_WARN_UNREACHABLE_CODE = YES;
				CLANG_WARN__DUPLICATE_METHOD_MATCH = YES;
				COPY_PHASE_STRIP = NO;
				DEBUG_INFORMATION_FORMAT = "dwarf-with-dsym";
				ENABLE_NS_ASSERTIONS = NO;
				ENABLE_STRICT_OBJC_MSGSEND = YES;
				GCC_C_LANGUAGE_STANDARD = gnu11;
				GCC_NO_COMMON_BLOCKS = YES;
				GCC_WARN_64_TO_32_BIT_CONVERSION = YES;
				GCC_WARN_ABOUT_RETURN_TYPE = YES_ERROR;
				GCC_WARN_UNDECLARED_SELECTOR = YES;
				GCC_WARN_UNINITIALIZED_AUTOS = YES_AGGRESSIVE;
				GCC_WARN_UNUSED_FUNCTION = YES;
				GCC_WARN_UNUSED_VARIABLE = YES;
				IPHONEOS_DEPLOYMENT_TARGET = 16.2;
				MTL_ENABLE_DEBUG_INFO = NO;
				MTL_FAST_MATH = YES;
				SDKROOT = iphoneos;
				SWIFT_COMPILATION_MODE = wholemodule;
				SWIFT_OPTIMIZATION_LEVEL = "-O";
				VALIDATE_PRODUCT = YES;
			};
			name = Release;
		};
		561A216F29A93F7D005FC643 /* Debug */ = {
			isa = XCBuildConfiguration;
			buildSettings = {
				ASSETCATALOG_COMPILER_APPICON_NAME = AppIcon;
				ASSETCATALOG_COMPILER_GLOBAL_ACCENT_COLOR_NAME = AccentColor;
				CODE_SIGN_STYLE = Automatic;
				CURRENT_PROJECT_VERSION = 1;
				DEVELOPMENT_ASSET_PATHS = "\"fver/Preview Content\"";
				ENABLE_PREVIEWS = YES;
				GENERATE_INFOPLIST_FILE = YES;
				INFOPLIST_KEY_UIApplicationSceneManifest_Generation = YES;
				INFOPLIST_KEY_UIApplicationSupportsIndirectInputEvents = YES;
				INFOPLIST_KEY_UILaunchScreen_Generation = YES;
				INFOPLIST_KEY_UISupportedInterfaceOrientations_iPad = "UIInterfaceOrientationPortrait UIInterfaceOrientationPortraitUpsideDown UIInterfaceOrientationLandscapeLeft UIInterfaceOrientationLandscapeRight";
				INFOPLIST_KEY_UISupportedInterfaceOrientations_iPhone = "UIInterfaceOrientationPortrait UIInterfaceOrientationLandscapeLeft UIInterfaceOrientationLandscapeRight";
				LD_RUNPATH_SEARCH_PATHS = (
					"$(inherited)",
					"@executable_path/Frameworks",
				);
				MARKETING_VERSION = 1.0;
				PRODUCT_BUNDLE_IDENTIFIER = appleaca.fver;
				PRODUCT_NAME = "$(TARGET_NAME)";
				SWIFT_EMIT_LOC_STRINGS = YES;
				SWIFT_VERSION = 5.0;
				TARGETED_DEVICE_FAMILY = "1,2";
			};
			name = Debug;
		};
		561A217029A93F7D005FC643 /* Release */ = {
			isa = XCBuildConfiguration;
			buildSettings = {
				ASSETCATALOG_COMPILER_APPICON_NAME = AppIcon;
				ASSETCATALOG_COMPILER_GLOBAL_ACCENT_COLOR_NAME = AccentColor;
				CODE_SIGN_STYLE = Automatic;
				CURRENT_PROJECT_VERSION = 1;
				DEVELOPMENT_ASSET_PATHS = "\"fver/Preview Content\"";
				ENABLE_PREVIEWS = YES;
				GENERATE_INFOPLIST_FILE = YES;
				INFOPLIST_KEY_UIApplicationSceneManifest_Generation = YES;
				INFOPLIST_KEY_UIApplicationSupportsIndirectInputEvents = YES;
				INFOPLIST_KEY_UILaunchScreen_Generation = YES;
				INFOPLIST_KEY_UISupportedInterfaceOrientations_iPad = "UIInterfaceOrientationPortrait UIInterfaceOrientationPortraitUpsideDown UIInterfaceOrientationLandscapeLeft UIInterfaceOrientationLandscapeRight";
				INFOPLIST_KEY_UISupportedInterfaceOrientations_iPhone = "UIInterfaceOrientationPortrait UIInterfaceOrientationLandscapeLeft UIInterfaceOrientationLandscapeRight";
				LD_RUNPATH_SEARCH_PATHS = (
					"$(inherited)",
					"@executable_path/Frameworks",
				);
				MARKETING_VERSION = 1.0;
				PRODUCT_BUNDLE_IDENTIFIER = appleaca.fver;
				PRODUCT_NAME = "$(TARGET_NAME)";
				SWIFT_EMIT_LOC_STRINGS = YES;
				SWIFT_VERSION = 5.0;
				TARGETED_DEVICE_FAMILY = "1,2";
			};
			name = Release;
		};
/* End XCBuildConfiguration section */

/* Begin XCConfigurationList section */
		561A215B29A93F7C005FC643 /* Build configuration list for PBXProject "fver" */ = {
			isa = XCConfigurationList;
			buildConfigurations = (
				561A216C29A93F7D005FC643 /* Debug */,
				561A216D29A93F7D005FC643 /* Release */,
			);
			defaultConfigurationIsVisible = 0;
			defaultConfigurationName = Release;
		};
		561A216E29A93F7D005FC643 /* Build configuration list for PBXNativeTarget "fver" */ = {
			isa = XCConfigurationList;
			buildConfigurations = (
				561A216F29A93F7D005FC643 /* Debug */,
				561A217029A93F7D005FC643 /* Release */,
			);
			defaultConfigurationIsVisible = 0;
			defaultConfigurationName = Release;
		};
/* End XCConfigurationList section */

/* Begin XCRemoteSwiftPackageReference section */
		561A218229AA30A7005FC643 /* XCRemoteSwiftPackageReference "firebase-ios-sdk" */ = {
			isa = XCRemoteSwiftPackageReference;
			repositoryURL = "https://github.com/firebase/firebase-ios-sdk";
			requirement = {
				kind = upToNextMajorVersion;
				minimumVersion = 9.0.0;
			};
		};
/* End XCRemoteSwiftPackageReference section */

/* Begin XCSwiftPackageProductDependency section */
		561A218329AA30A7005FC643 /* FirebaseAnalytics */ = {
			isa = XCSwiftPackageProductDependency;
			package = 561A218229AA30A7005FC643 /* XCRemoteSwiftPackageReference "firebase-ios-sdk" */;
			productName = FirebaseAnalytics;
		};
		561A218529AA30A7005FC643 /* FirebaseAnalyticsSwift */ = {
			isa = XCSwiftPackageProductDependency;
			package = 561A218229AA30A7005FC643 /* XCRemoteSwiftPackageReference "firebase-ios-sdk" */;
			productName = FirebaseAnalyticsSwift;
		};
		561A218729AA30A7005FC643 /* FirebaseAuth */ = {
			isa = XCSwiftPackageProductDependency;
			package = 561A218229AA30A7005FC643 /* XCRemoteSwiftPackageReference "firebase-ios-sdk" */;
			productName = FirebaseAuth;
		};
		561A218929AA30A7005FC643 /* FirebaseDatabase */ = {
			isa = XCSwiftPackageProductDependency;
			package = 561A218229AA30A7005FC643 /* XCRemoteSwiftPackageReference "firebase-ios-sdk" */;
			productName = FirebaseDatabase;
		};
		561A218B29AA30A7005FC643 /* FirebaseFirestore */ = {
			isa = XCSwiftPackageProductDependency;
			package = 561A218229AA30A7005FC643 /* XCRemoteSwiftPackageReference "firebase-ios-sdk" */;
			productName = FirebaseFirestore;
		};
		561A218D29AA30A7005FC643 /* FirebaseStorage */ = {
			isa = XCSwiftPackageProductDependency;
			package = 561A218229AA30A7005FC643 /* XCRemoteSwiftPackageReference "firebase-ios-sdk" */;
			productName = FirebaseStorage;
		};
		561A219929AB43B3005FC643 /* FirebaseAppDistribution-Beta */ = {
			isa = XCSwiftPackageProductDependency;
			package = 561A218229AA30A7005FC643 /* XCRemoteSwiftPackageReference "firebase-ios-sdk" */;
			productName = "FirebaseAppDistribution-Beta";
		};
/* End XCSwiftPackageProductDependency section */
	};
	rootObject = 561A215829A93F7C005FC643 /* Project object */;
}
